
Microsoft Visual Studio Solution File, Format Version 12.00
# Visual Studio Version 16
VisualStudioVersion = 16.0.31005.135
MinimumVisualStudioVersion = 10.0.40219.1
Project("{9A19103F-16F7-4668-BE54-9A1E7A4F7556}") = "OrderBookProject", "OrderBookProject.csproj", "{E6E6ED14-F7D7-4F63-A190-EE858E812B7E}"
EndProject
Project("{FAE04EC0-301F-11D3-BF4B-00C04F79EFBC}") = "OrderBookTestProject", "..\OrderBookTestProject\OrderBookTestProject.csproj", "{A17B67FF-EF7E-4DD7-80BB-8F206C2F6005}"
EndProject
Global
	GlobalSection(SolutionConfigurationPlatforms) = preSolution
		Debug|Any CPU = Debug|Any CPU
		Release|Any CPU = Release|Any CPU
	EndGlobalSection
	GlobalSection(ProjectConfigurationPlatforms) = postSolution
		{E6E6ED14-F7D7-4F63-A190-EE858E812B7E}.Debug|Any CPU.ActiveCfg = Debug|Any CPU
		{E6E6ED14-F7D7-4F63-A190-EE858E812B7E}.Debug|Any CPU.Build.0 = Debug|Any CPU
		{E6E6ED14-F7D7-4F63-A190-EE858E812B7E}.Release|Any CPU.ActiveCfg = Release|Any CPU
		{E6E6ED14-F7D7-4F63-A190-EE858E812B7E}.Release|Any CPU.Build.0 = Release|Any CPU
		{A17B67FF-EF7E-4DD7-80BB-8F206C2F6005}.Debug|Any CPU.ActiveCfg = Debug|Any CPU
		{A17B67FF-EF7E-4DD7-80BB-8F206C2F6005}.Debug|Any CPU.Build.0 = Debug|Any CPU
		{A17B67FF-EF7E-4DD7-80BB-8F206C2F6005}.Release|Any CPU.ActiveCfg = Release|Any CPU
		{A17B67FF-EF7E-4DD7-80BB-8F206C2F6005}.Release|Any CPU.Build.0 = Release|Any CPU
	EndGlobalSection
	GlobalSection(SolutionProperties) = preSolution
		HideSolutionNode = FALSE
	EndGlobalSection
	GlobalSection(ExtensibilityGlobals) = postSolution
		SolutionGuid = {88804B7E-8BF4-4062-92C9-2DF38192EC22}
	EndGlobalSection
EndGlobal
